
Microsoft Visual Studio Solution File, Format Version 12.00
# Visual Studio 2013
VisualStudioVersion = 12.0.40629.0
MinimumVisualStudioVersion = 10.0.40219.1
Project("{FAE04EC0-301F-11D3-BF4B-00C04F79EFBC}") = "Kata", "Kata\Kata.csproj", "{B66D036A-B84E-4832-BF2F-4812C97BD681}"
EndProject
Project("{FAE04EC0-301F-11D3-BF4B-00C04F79EFBC}") = "KataUnitTest", "KataUnitTest\KataUnitTest.csproj", "{334E3583-5C5D-43AE-8F28-A1AD844C80CC}"
EndProject
Global
	GlobalSection(SolutionConfigurationPlatforms) = preSolution
		Debug|Any CPU = Debug|Any CPU
		Release|Any CPU = Release|Any CPU
	EndGlobalSection
	GlobalSection(ProjectConfigurationPlatforms) = postSolution
		{B66D036A-B84E-4832-BF2F-4812C97BD681}.Debug|Any CPU.ActiveCfg = Debug|Any CPU
		{B66D036A-B84E-4832-BF2F-4812C97BD681}.Debug|Any CPU.Build.0 = Debug|Any CPU
		{B66D036A-B84E-4832-BF2F-4812C97BD681}.Release|Any CPU.ActiveCfg = Release|Any CPU
		{B66D036A-B84E-4832-BF2F-4812C97BD681}.Release|Any CPU.Build.0 = Release|Any CPU
		{334E3583-5C5D-43AE-8F28-A1AD844C80CC}.Debug|Any CPU.ActiveCfg = Debug|Any CPU
		{334E3583-5C5D-43AE-8F28-A1AD844C80CC}.Debug|Any CPU.Build.0 = Debug|Any CPU
		{334E3583-5C5D-43AE-8F28-A1AD844C80CC}.Release|Any CPU.ActiveCfg = Release|Any CPU
		{334E3583-5C5D-43AE-8F28-A1AD844C80CC}.Release|Any CPU.Build.0 = Release|Any CPU
	EndGlobalSection
	GlobalSection(SolutionProperties) = preSolution
		HideSolutionNode = FALSE
	EndGlobalSection
EndGlobal
